
Microsoft Visual Studio Solution File, Format Version 12.00
# Visual Studio Version 17
VisualStudioVersion = 17.2.32630.192
MinimumVisualStudioVersion = 10.0.40219.1
Project("{FAE04EC0-301F-11D3-BF4B-00C04F79EFBC}") = "Wisielec csharp", "Wisielec csharp\Wisielec csharp.csproj", "{5BC84842-3877-4F91-8B17-3872C9A18E3B}"
EndProject
Global
	GlobalSection(SolutionConfigurationPlatforms) = preSolution
		Debug|Any CPU = Debug|Any CPU
		Release|Any CPU = Release|Any CPU
	EndGlobalSection
	GlobalSection(ProjectConfigurationPlatforms) = postSolution
		{5BC84842-3877-4F91-8B17-3872C9A18E3B}.Debug|Any CPU.ActiveCfg = Debug|Any CPU
		{5BC84842-3877-4F91-8B17-3872C9A18E3B}.Debug|Any CPU.Build.0 = Debug|Any CPU
		{5BC84842-3877-4F91-8B17-3872C9A18E3B}.Release|Any CPU.ActiveCfg = Release|Any CPU
		{5BC84842-3877-4F91-8B17-3872C9A18E3B}.Release|Any CPU.Build.0 = Release|Any CPU
	EndGlobalSection
	GlobalSection(SolutionProperties) = preSolution
		HideSolutionNode = FALSE
	EndGlobalSection
	GlobalSection(ExtensibilityGlobals) = postSolution
		SolutionGuid = {9625FBDD-2425-44CF-96D5-C69C7B7CEC20}
	EndGlobalSection
EndGlobal
